
Microsoft Visual Studio Solution File, Format Version 12.00
# Visual Studio Version 17
VisualStudioVersion = 17.12.35707.178 d17.12
MinimumVisualStudioVersion = 10.0.40219.1
Project("{FAE04EC0-301F-11D3-BF4B-00C04F79EFBC}") = "AM.UI.CONSOLE", "AM.ApplicationCore\AM.UI.CONSOLE.csproj", "{721E9827-0F99-4B85-91FB-691747011041}"
EndProject
Project("{FAE04EC0-301F-11D3-BF4B-00C04F79EFBC}") = "AM.ApplicationCore", "AM.ApplicationCore\AM.ApplicationCore.csproj", "{2F7FF646-8429-4782-B5F8-B5EB3FFBF1A4}"
EndProject
Global
	GlobalSection(SolutionConfigurationPlatforms) = preSolution
		Debug|Any CPU = Debug|Any CPU
		Release|Any CPU = Release|Any CPU
	EndGlobalSection
	GlobalSection(ProjectConfigurationPlatforms) = postSolution
		{721E9827-0F99-4B85-91FB-691747011041}.Debug|Any CPU.ActiveCfg = Debug|Any CPU
		{721E9827-0F99-4B85-91FB-691747011041}.Debug|Any CPU.Build.0 = Debug|Any CPU
		{721E9827-0F99-4B85-91FB-691747011041}.Release|Any CPU.ActiveCfg = Release|Any CPU
		{721E9827-0F99-4B85-91FB-691747011041}.Release|Any CPU.Build.0 = Release|Any CPU
		{2F7FF646-8429-4782-B5F8-B5EB3FFBF1A4}.Debug|Any CPU.ActiveCfg = Debug|Any CPU
		{2F7FF646-8429-4782-B5F8-B5EB3FFBF1A4}.Debug|Any CPU.Build.0 = Debug|Any CPU
		{2F7FF646-8429-4782-B5F8-B5EB3FFBF1A4}.Release|Any CPU.ActiveCfg = Release|Any CPU
		{2F7FF646-8429-4782-B5F8-B5EB3FFBF1A4}.Release|Any CPU.Build.0 = Release|Any CPU
	EndGlobalSection
	GlobalSection(SolutionProperties) = preSolution
		HideSolutionNode = FALSE
	EndGlobalSection
EndGlobal
